
Microsoft Visual Studio Solution File, Format Version 12.00
# Visual Studio 15
VisualStudioVersion = 15.0.27703.2000
MinimumVisualStudioVersion = 10.0.40219.1
Project("{FAE04EC0-301F-11D3-BF4B-00C04F79EFBC}") = "MvcMovie", "MvcMovie\MvcMovie.csproj", "{58C17104-616E-44DC-BCD5-71F7E145C513}"
EndProject
Global
	GlobalSection(SolutionConfigurationPlatforms) = preSolution
		Debug|Any CPU = Debug|Any CPU
		Release|Any CPU = Release|Any CPU
	EndGlobalSection
	GlobalSection(ProjectConfigurationPlatforms) = postSolution
		{58C17104-616E-44DC-BCD5-71F7E145C513}.Debug|Any CPU.ActiveCfg = Debug|Any CPU
		{58C17104-616E-44DC-BCD5-71F7E145C513}.Debug|Any CPU.Build.0 = Debug|Any CPU
		{58C17104-616E-44DC-BCD5-71F7E145C513}.Release|Any CPU.ActiveCfg = Release|Any CPU
		{58C17104-616E-44DC-BCD5-71F7E145C513}.Release|Any CPU.Build.0 = Release|Any CPU
	EndGlobalSection
	GlobalSection(SolutionProperties) = preSolution
		HideSolutionNode = FALSE
	EndGlobalSection
	GlobalSection(ExtensibilityGlobals) = postSolution
		SolutionGuid = {6540B8D1-18B7-40DA-9819-0247176A5F0E}
	EndGlobalSection
EndGlobal
